Microsoft Visual Studio Solution File, Format Version 11.00
# Visual Studio 2008

Project("{03FA0601-7805-4F41-7EA6-656E4DD803AD}") = "P01", "Assembly-CSharp-vs.csproj", "{C0523104-1358-FD80-A0AF-724FB378F1FC}"
EndProject
Project("{03FA0601-7805-4F41-7EA6-656E4DD803AD}") = "P01", "Assembly-CSharp-Editor-vs.csproj", "{FF10B26C-95D5-BAF3-ABF6-57ED9C236813}"
EndProject
Global
	GlobalSection(SolutionConfigurationPlatforms) = preSolution
		Debug|Any CPU = Debug|Any CPU
		Release|Any CPU = Release|Any CPU
	EndGlobalSection
	GlobalSection(ProjectConfigurationPlatforms) = postSolution
		{C0523104-1358-FD80-A0AF-724FB378F1FC}.Debug|Any CPU.ActiveCfg = Debug|Any CPU
		{C0523104-1358-FD80-A0AF-724FB378F1FC}.Debug|Any CPU.Build.0 = Debug|Any CPU
		{C0523104-1358-FD80-A0AF-724FB378F1FC}.Release|Any CPU.ActiveCfg = Release|Any CPU
		{C0523104-1358-FD80-A0AF-724FB378F1FC}.Release|Any CPU.Build.0 = Release|Any CPU
		{FF10B26C-95D5-BAF3-ABF6-57ED9C236813}.Debug|Any CPU.ActiveCfg = Debug|Any CPU
		{FF10B26C-95D5-BAF3-ABF6-57ED9C236813}.Debug|Any CPU.Build.0 = Debug|Any CPU
		{FF10B26C-95D5-BAF3-ABF6-57ED9C236813}.Release|Any CPU.ActiveCfg = Release|Any CPU
		{FF10B26C-95D5-BAF3-ABF6-57ED9C236813}.Release|Any CPU.Build.0 = Release|Any CPU
	EndGlobalSection
	GlobalSection(SolutionProperties) = preSolution
		HideSolutionNode = FALSE
	EndGlobalSection
					GlobalSection(MonoDevelopProperties) = preSolution
		StartupItem = Assembly-CSharp.csproj
		Policies = $0
		$0.TextStylePolicy = $1
		$1.inheritsSet = null
		$1.scope = text/x-csharp
		$0.CSharpFormattingPolicy = $2
		$2.inheritsSet = Mono
		$2.inheritsScope = text/x-csharp
		$2.scope = text/x-csharp
		$0.TextStylePolicy = $3
		$3.FileWidth = 120
		$3.TabWidth = 4
		$3.IndentWidth = 4
		$3.EolMarker = Unix
		$3.inheritsSet = Mono
		$3.inheritsScope = text/plain
		$3.scope = text/plain
	EndGlobalSection

EndGlobal
